// !$*UTF8*$!
{
	archiveVersion = 1;
	classes = {
	};
	objectVersion = 50;
	objects = {

/* Begin PBXBuildFile section */
		18294AA326983AD10093B6EB /* ImageClassifier.mlmodel in Sources */ = {isa = PBXBuildFile; fileRef = 18294AA226983AD10093B6EB /* ImageClassifier.mlmodel */; };
		184C1B4226975C3E00A648AE /* DemoViewController.swift in Sources */ = {isa = PBXBuildFile; fileRef = 184C1B4126975C3E00A648AE /* DemoViewController.swift */; };
		185DB2F32696EF2D000BEE5C /* AppDelegate.swift in Sources */ = {isa = PBXBuildFile; fileRef = 185DB2F22696EF2D000BEE5C /* AppDelegate.swift */; };
		185DB2F52696EF2D000BEE5C /* SceneDelegate.swift in Sources */ = {isa = PBXBuildFile; fileRef = 185DB2F42696EF2D000BEE5C /* SceneDelegate.swift */; };
		185DB2F72696EF2D000BEE5C /* ViewController.swift in Sources */ = {isa = PBXBuildFile; fileRef = 185DB2F62696EF2D000BEE5C /* ViewController.swift */; };
		185DB2FA2696EF2E000BEE5C /* Main.storyboard in Resources */ = {isa = PBXBuildFile; fileRef = 185DB2F82696EF2E000BEE5C /* Main.storyboard */; };
		185DB2FC2696EF34000BEE5C /* Assets.xcassets in Resources */ = {isa = PBXBuildFile; fileRef = 185DB2FB2696EF34000BEE5C /* Assets.xcassets */; };
		185DB2FF2696EF35000BEE5C /* LaunchScreen.storyboard in Resources */ = {isa = PBXBuildFile; fileRef = 185DB2FD2696EF35000BEE5C /* LaunchScreen.storyboard */; };
/* End PBXBuildFile section */

/* Begin PBXFileReference section */
		18294AA226983AD10093B6EB /* ImageClassifier.mlmodel */ = {isa = PBXFileReference; lastKnownFileType = file.mlmodel; path = ImageClassifier.mlmodel; sourceTree = "<group>"; };
		184C1B4126975C3E00A648AE /* DemoViewController.swift */ = {isa = PBXFileReference; lastKnownFileType = sourcecode.swift; path = DemoViewController.swift; sourceTree = "<group>"; };
		185DB2EF2696EF2D000BEE5C /* CheckModel.app */ = {isa = PBXFileReference; explicitFileType = wrapper.application; includeInIndex = 0; path = CheckModel.app; sourceTree = BUILT_PRODUCTS_DIR; };
		185DB2F22696EF2D000BEE5C /* AppDelegate.swift */ = {isa = PBXFileReference; lastKnownFileType = sourcecode.swift; path = AppDelegate.swift; sourceTree = "<group>"; };
		185DB2F42696EF2D000BEE5C /* SceneDelegate.swift */ = {isa = PBXFileReference; lastKnownFileType = sourcecode.swift; path = SceneDelegate.swift; sourceTree = "<group>"; };
		185DB2F62696EF2D000BEE5C /* ViewController.swift */ = {isa = PBXFileReference; lastKnownFileType = sourcecode.swift; path = ViewController.swift; sourceTree = "<group>"; };
		185DB2F92696EF2E000BEE5C /* Base */ = {isa = PBXFileReference; lastKnownFileType = file.storyboard; name = Base; path = Base.lproj/Main.storyboard; sourceTree = "<group>"; };
		185DB2FB2696EF34000BEE5C /* Assets.xcassets */ = {isa = PBXFileReference; lastKnownFileType = folder.assetcatalog; path = Assets.xcassets; sourceTree = "<group>"; };
		185DB2FE2696EF35000BEE5C /* Base */ = {isa = PBXFileReference; lastKnownFileType = file.storyboard; name = Base; path = Base.lproj/LaunchScreen.storyboard; sourceTree = "<group>"; };
		185DB3002696EF35000BEE5C /* Info.plist */ = {isa = PBXFileReference; lastKnownFileType = text.plist.xml; path = Info.plist; sourceTree = "<group>"; };
/* End PBXFileReference section */

/* Begin PBXFrameworksBuildPhase section */
		185DB2EC2696EF2D000BEE5C /* Frameworks */ = {
			isa = PBXFrameworksBuildPhase;
			buildActionMask = 2147483647;
			files = (
			);
			runOnlyForDeploymentPostprocessing = 0;
		};
/* End PBXFrameworksBuildPhase section */

/* Begin PBXGroup section */
		185DB2E62696EF2D000BEE5C = {
			isa = PBXGroup;
			children = (
				185DB2F12696EF2D000BEE5C /* CheckModel */,
				185DB2F02696EF2D000BEE5C /* Products */,
			);
			sourceTree = "<group>";
		};
		185DB2F02696EF2D000BEE5C /* Products */ = {
			isa = PBXGroup;
			children = (
				185DB2EF2696EF2D000BEE5C /* CheckModel.app */,
			);
			name = Products;
			sourceTree = "<group>";
		};
		185DB2F12696EF2D000BEE5C /* CheckModel */ = {
			isa = PBXGroup;
			children = (
				185DB3062696EF63000BEE5C /* MLModel */,
				185DB2F22696EF2D000BEE5C /* AppDelegate.swift */,
				185DB2F42696EF2D000BEE5C /* SceneDelegate.swift */,
				185DB2F62696EF2D000BEE5C /* ViewController.swift */,
				185DB2F82696EF2E000BEE5C /* Main.storyboard */,
				185DB2FB2696EF34000BEE5C /* Assets.xcassets */,
				185DB2FD2696EF35000BEE5C /* LaunchScreen.storyboard */,
				185DB3002696EF35000BEE5C /* Info.plist */,
				184C1B4126975C3E00A648AE /* DemoViewController.swift */,
			);
			path = CheckModel;
			sourceTree = "<group>";
		};
		185DB3062696EF63000BEE5C /* MLModel */ = {
			isa = PBXGroup;
			children = (
				18294AA226983AD10093B6EB /* ImageClassifier.mlmodel */,
			);
			path = MLModel;
			sourceTree = "<group>";
		};
/* End PBXGroup section */

/* Begin PBXNativeTarget section */
		185DB2EE2696EF2D000BEE5C /* CheckModel */ = {
			isa = PBXNativeTarget;
			buildConfigurationList = 185DB3032696EF35000BEE5C /* Build configuration list for PBXNativeTarget "CheckModel" */;
			buildPhases = (
				185DB2EB2696EF2D000BEE5C /* Sources */,
				185DB2EC2696EF2D000BEE5C /* Frameworks */,
				185DB2ED2696EF2D000BEE5C /* Resources */,
			);
			buildRules = (
			);
			dependencies = (
			);
			name = CheckModel;
			productName = CheckModel;
			productReference = 185DB2EF2696EF2D000BEE5C /* CheckModel.app */;
			productType = "com.apple.product-type.application";
		};
/* End PBXNativeTarget section */

/* Begin PBXProject section */
		185DB2E72696EF2D000BEE5C /* Project object */ = {
			isa = PBXProject;
			attributes = {
				LastSwiftUpdateCheck = 1110;
				LastUpgradeCheck = 1110;
				ORGANIZATIONNAME = Rajesh;
				TargetAttributes = {
					185DB2EE2696EF2D000BEE5C = {
						CreatedOnToolsVersion = 11.1;
					};
				};
			};
			buildConfigurationList = 185DB2EA2696EF2D000BEE5C /* Build configuration list for PBXProject "CheckModel" */;
			compatibilityVersion = "Xcode 9.3";
			developmentRegion = en;
			hasScannedForEncodings = 0;
			knownRegions = (
				en,
				Base,
			);
			mainGroup = 185DB2E62696EF2D000BEE5C;
			productRefGroup = 185DB2F02696EF2D000BEE5C /* Products */;
			projectDirPath = "";
			projectRoot = "";
			targets = (
				185DB2EE2696EF2D000BEE5C /* CheckModel */,
			);
		};
/* End PBXProject section */

/* Begin PBXResourcesBuildPhase section */
		185DB2ED2696EF2D000BEE5C /* Resources */ = {
			isa = PBXResourcesBuildPhase;
			buildActionMask = 2147483647;
			files = (
				185DB2FF2696EF35000BEE5C /* LaunchScreen.storyboard in Resources */,
				185DB2FC2696EF34000BEE5C /* Assets.xcassets in Resources */,
				185DB2FA2696EF2E000BEE5C /* Main.storyboard in Resources */,
			);
			runOnlyForDeploymentPostprocessing = 0;
		};
/* End PBXResourcesBuildPhase section */

/* Begin PBXSourcesBuildPhase section */
		185DB2EB2696EF2D000BEE5C /* Sources */ = {
			isa = PBXSourcesBuildPhase;
			buildActionMask = 2147483647;
			files = (
				185DB2F72696EF2D000BEE5C /* ViewController.swift in Sources */,
				185DB2F32696EF2D000BEE5C /* AppDelegate.swift in Sources */,
				185DB2F52696EF2D000BEE5C /* SceneDelegate.swift in Sources */,
				184C1B4226975C3E00A648AE /* DemoViewController.swift in Sources */,
				18294AA326983AD10093B6EB /* ImageClassifier.mlmodel in Sources */,
			);
			runOnlyForDeploymentPostprocessing = 0;
		};
/* End PBXSourcesBuildPhase section */

/* Begin PBXVariantGroup section */
		185DB2F82696EF2E000BEE5C /* Main.storyboard */ = {
			isa = PBXVariantGroup;
			children = (
				185DB2F92696EF2E000BEE5C /* Base */,
			);
			name = Main.storyboard;
			sourceTree = "<group>";
		};
		185DB2FD2696EF35000BEE5C /* LaunchScreen.storyboard */ = {
			isa = PBXVariantGroup;
			children = (
				185DB2FE2696EF35000BEE5C /* Base */,
			);
			name = LaunchScreen.storyboard;
			sourceTree = "<group>";
		};
/* End PBXVariantGroup section */

/* Begin XCBuildConfiguration section */
		185DB3012696EF35000BEE5C /* Debug */ = {
			isa = XCBuildConfiguration;
			buildSettings = {
				ALWAYS_SEARCH_USER_PATHS = NO;
				CLANG_ANALYZER_NONNULL = YES;
				CLANG_ANALYZER_NUMBER_OBJECT_CONVERSION = YES_AGGRESSIVE;
				CLANG_CXX_LANGUAGE_STANDARD = "gnu++14";
				CLANG_CXX_LIBRARY = "libc++";
				CLANG_ENABLE_MODULES = YES;
				CLANG_ENABLE_OBJC_ARC = YES;
				CLANG_ENABLE_OBJC_WEAK = YES;
				CLANG_WARN_BLOCK_CAPTURE_AUTORELEASING = YES;
				CLANG_WARN_BOOL_CONVERSION = YES;
				CLANG_WARN_COMMA = YES;
				CLANG_WARN_CONSTANT_CONVERSION = YES;
				CLANG_WARN_DEPRECATED_OBJC_IMPLEMENTATIONS = YES;
				CLANG_WARN_DIRECT_OBJC_ISA_USAGE = YES_ERROR;
				CLANG_WARN_DOCUMENTATION_COMMENTS = YES;
				CLANG_WARN_EMPTY_BODY = YES;
				CLANG_WARN_ENUM_CONVERSION = YES;
				CLANG_WARN_INFINITE_RECURSION = YES;
				CLANG_WARN_INT_CONVERSION = YES;
				CLANG_WARN_NON_LITERAL_NULL_CONVERSION = YES;
				CLANG_WARN_OBJC_IMPLICIT_RETAIN_SELF = YES;
				CLANG_WARN_OBJC_LITERAL_CONVERSION = YES;
				CLANG_WARN_OBJC_ROOT_CLASS = YES_ERROR;
				CLANG_WARN_RANGE_LOOP_ANALYSIS = YES;
				CLANG_WARN_STRICT_PROTOTYPES = YES;
				CLANG_WARN_SUSPICIOUS_MOVE = YES;
				CLANG_WARN_UNGUARDED_AVAILABILITY = YES_AGGRESSIVE;
				CLANG_WARN_UNREACHABLE_CODE = YES;
				CLANG_WARN__DUPLICATE_METHOD_MATCH = YES;
				COPY_PHASE_STRIP = NO;
				DEBUG_INFORMATION_FORMAT = dwarf;
				ENABLE_STRICT_OBJC_MSGSEND = YES;
				ENABLE_TESTABILITY = YES;
				GCC_C_LANGUAGE_STANDARD = gnu11;
				GCC_DYNAMIC_NO_PIC = NO;
				GCC_NO_COMMON_BLOCKS = YES;
				GCC_OPTIMIZATION_LEVEL = 0;
				GCC_PREPROCESSOR_DEFINITIONS = (
					"DEBUG=1",
					"$(inherited)",
				);
				GCC_WARN_64_TO_32_BIT_CONVERSION = YES;
				GCC_WARN_ABOUT_RETURN_TYPE = YES_ERROR;
				GCC_WARN_UNDECLARED_SELECTOR = YES;
				GCC_WARN_UNINITIALIZED_AUTOS = YES_AGGRESSIVE;
				GCC_WARN_UNUSED_FUNCTION = YES;
				GCC_WARN_UNUSED_VARIABLE = YES;
				IPHONEOS_DEPLOYMENT_TARGET = 13.1;
				MTL_ENABLE_DEBUG_INFO = INCLUDE_SOURCE;
				MTL_FAST_MATH = YES;
				ONLY_ACTIVE_ARCH = YES;
				SDKROOT = iphoneos;
				SWIFT_ACTIVE_COMPILATION_CONDITIONS = DEBUG;
				SWIFT_OPTIMIZATION_LEVEL = "-Onone";
			};
			name = Debug;
		};
		185DB3022696EF35000BEE5C /* Release */ = {
			isa = XCBuildConfiguration;
			buildSettings = {
				ALWAYS_SEARCH_USER_PATHS = NO;
				CLANG_ANALYZER_NONNULL = YES;
				CLANG_ANALYZER_NUMBER_OBJECT_CONVERSION = YES_AGGRESSIVE;
				CLANG_CXX_LANGUAGE_STANDARD = "gnu++14";
				CLANG_CXX_LIBRARY = "libc++";
				CLANG_ENABLE_MODULES = YES;
				CLANG_ENABLE_OBJC_ARC = YES;
				CLANG_ENABLE_OBJC_WEAK = YES;
				CLANG_WARN_BLOCK_CAPTURE_AUTORELEASING = YES;
				CLANG_WARN_BOOL_CONVERSION = YES;
				CLANG_WARN_COMMA = YES;
				CLANG_WARN_CONSTANT_CONVERSION = YES;
				CLANG_WARN_DEPRECATED_OBJC_IMPLEMENTATIONS = YES;
				CLANG_WARN_DIRECT_OBJC_ISA_USAGE = YES_ERROR;
				CLANG_WARN_DOCUMENTATION_COMMENTS = YES;
				CLANG_WARN_EMPTY_BODY = YES;
				CLANG_WARN_ENUM_CONVERSION = YES;
				CLANG_WARN_INFINITE_RECURSION = YES;
				CLANG_WARN_INT_CONVERSION = YES;
				CLANG_WARN_NON_LITERAL_NULL_CONVERSION = YES;
				CLANG_WARN_OBJC_IMPLICIT_RETAIN_SELF = YES;
				CLANG_WARN_OBJC_LITERAL_CONVERSION = YES;
				CLANG_WARN_OBJC_ROOT_CLASS = YES_ERROR;
				CLANG_WARN_RANGE_LOOP_ANALYSIS = YES;
				CLANG_WARN_STRICT_PROTOTYPES = YES;
				CLANG_WARN_SUSPICIOUS_MOVE = YES;
				CLANG_WARN_UNGUARDED_AVAILABILITY = YES_AGGRESSIVE;
				CLANG_WARN_UNREACHABLE_CODE = YES;
				CLANG_WARN__DUPLICATE_METHOD_MATCH = YES;
				COPY_PHASE_STRIP = NO;
				DEBUG_INFORMATION_FORMAT = "dwarf-with-dsym";
				ENABLE_NS_ASSERTIONS = NO;
				ENABLE_STRICT_OBJC_MSGSEND = YES;
				GCC_C_LANGUAGE_STANDARD = gnu11;
				GCC_NO_COMMON_BLOCKS = YES;
				GCC_WARN_64_TO_32_BIT_CONVERSION = YES;
				GCC_WARN_ABOUT_RETURN_TYPE = YES_ERROR;
				GCC_WARN_UNDECLARED_SELECTOR = YES;
				GCC_WARN_UNINITIALIZED_AUTOS = YES_AGGRESSIVE;
				GCC_WARN_UNUSED_FUNCTION = YES;
				GCC_WARN_UNUSED_VARIABLE = YES;
				IPHONEOS_DEPLOYMENT_TARGET = 13.1;
				MTL_ENABLE_DEBUG_INFO = NO;
				MTL_FAST_MATH = YES;
				SDKROOT = iphoneos;
				SWIFT_COMPILATION_MODE = wholemodule;
				SWIFT_OPTIMIZATION_LEVEL = "-O";
				VALIDATE_PRODUCT = YES;
			};
			name = Release;
		};
		185DB3042696EF35000BEE5C /* Debug */ = {
			isa = XCBuildConfiguration;
			buildSettings = {
				ASSETCATALOG_COMPILER_APPICON_NAME = AppIcon;
				CODE_SIGN_STYLE = Automatic;
				INFOPLIST_FILE = CheckModel/Info.plist;
				LD_RUNPATH_SEARCH_PATHS = (
					"$(inherited)",
					"@executable_path/Frameworks",
				);
				PRODUCT_BUNDLE_IDENTIFIER = com.image.test.CheckModel;
				PRODUCT_NAME = "$(TARGET_NAME)";
				SWIFT_VERSION = 5.0;
				TARGETED_DEVICE_FAMILY = "1,2";
			};
			name = Debug;
		};
		185DB3052696EF35000BEE5C /* Release */ = {
			isa = XCBuildConfiguration;
			buildSettings = {
				ASSETCATALOG_COMPILER_APPICON_NAME = AppIcon;
				CODE_SIGN_STYLE = Automatic;
				INFOPLIST_FILE = CheckModel/Info.plist;
				LD_RUNPATH_SEARCH_PATHS = (
					"$(inherited)",
					"@executable_path/Frameworks",
				);
				PRODUCT_BUNDLE_IDENTIFIER = com.image.test.CheckModel;
				PRODUCT_NAME = "$(TARGET_NAME)";
				SWIFT_VERSION = 5.0;
				TARGETED_DEVICE_FAMILY = "1,2";
			};
			name = Release;
		};
/* End XCBuildConfiguration section */

/* Begin XCConfigurationList section */
		185DB2EA2696EF2D000BEE5C /* Build configuration list for PBXProject "CheckModel" */ = {
			isa = XCConfigurationList;
			buildConfigurations = (
				185DB3012696EF35000BEE5C /* Debug */,
				185DB3022696EF35000BEE5C /* Release */,
			);
			defaultConfigurationIsVisible = 0;
			defaultConfigurationName = Release;
		};
		185DB3032696EF35000BEE5C /* Build configuration list for PBXNativeTarget "CheckModel" */ = {
			isa = XCConfigurationList;
			buildConfigurations = (
				185DB3042696EF35000BEE5C /* Debug */,
				185DB3052696EF35000BEE5C /* Release */,
			);
			defaultConfigurationIsVisible = 0;
			defaultConfigurationName = Release;
		};
/* End XCConfigurationList section */
	};
	rootObject = 185DB2E72696EF2D000BEE5C /* Project object */;
}
